// !$*UTF8*$!
{
	archiveVersion = 1;
	classes = {
	};
	objectVersion = 56;
	objects = {

/* Begin PBXBuildFile section */
		D88B168E2C17318400E34DC5 /* AppDelegate.swift in Sources */ = {isa = PBXBuildFile; fileRef = D88B168D2C17318400E34DC5 /* AppDelegate.swift */; };
		D88B16902C17318400E34DC5 /* SceneDelegate.swift in Sources */ = {isa = PBXBuildFile; fileRef = D88B168F2C17318400E34DC5 /* SceneDelegate.swift */; };
		D88B16922C17318400E34DC5 /* ViewController.swift in Sources */ = {isa = PBXBuildFile; fileRef = D88B16912C17318400E34DC5 /* ViewController.swift */; };
		D88B16952C17318400E34DC5 /* Base in Resources */ = {isa = PBXBuildFile; fileRef = D88B16942C17318400E34DC5 /* Base */; };
		D88B16972C17318600E34DC5 /* Assets.xcassets in Resources */ = {isa = PBXBuildFile; fileRef = D88B16962C17318600E34DC5 /* Assets.xcassets */; };
		D88B169A2C17318600E34DC5 /* Base in Resources */ = {isa = PBXBuildFile; fileRef = D88B16992C17318600E34DC5 /* Base */; };
		D88B16A22C17333B00E34DC5 /* MediaViewController.swift in Sources */ = {isa = PBXBuildFile; fileRef = D88B16A12C17333B00E34DC5 /* MediaViewController.swift */; };
		D88B16A42C17334500E34DC5 /* Media.swift in Sources */ = {isa = PBXBuildFile; fileRef = D88B16A32C17334500E34DC5 /* Media.swift */; };
		D88B16A62C17337F00E34DC5 /* .gitignore in Resources */ = {isa = PBXBuildFile; fileRef = D88B16A52C17337F00E34DC5 /* .gitignore */; };
		D88B16A82C17339200E34DC5 /* APIKey.swift in Sources */ = {isa = PBXBuildFile; fileRef = D88B16A72C17339200E34DC5 /* APIKey.swift */; };
		D88B16AA2C1735F200E34DC5 /* MediaInfoTableViewCell.swift in Sources */ = {isa = PBXBuildFile; fileRef = D88B16A92C1735F200E34DC5 /* MediaInfoTableViewCell.swift */; };
		D88B16AD2C17409100E34DC5 /* Alamofire in Frameworks */ = {isa = PBXBuildFile; productRef = D88B16AC2C17409100E34DC5 /* Alamofire */; };
		D88B16B02C17409C00E34DC5 /* Kingfisher in Frameworks */ = {isa = PBXBuildFile; productRef = D88B16AF2C17409C00E34DC5 /* Kingfisher */; };
		D88B16B32C1740A800E34DC5 /* SnapKit in Frameworks */ = {isa = PBXBuildFile; productRef = D88B16B22C1740A800E34DC5 /* SnapKit */; };
		D88B16C02C18372C00E34DC5 /* MovieFindViewController.swift in Sources */ = {isa = PBXBuildFile; fileRef = D88B16BF2C18372C00E34DC5 /* MovieFindViewController.swift */; };
		D88B16C22C18374900E34DC5 /* Movie.swift in Sources */ = {isa = PBXBuildFile; fileRef = D88B16C12C18374900E34DC5 /* Movie.swift */; };
		D88B16C42C18498C00E34DC5 /* MovieFindCollectionViewCell.swift in Sources */ = {isa = PBXBuildFile; fileRef = D88B16C32C18498C00E34DC5 /* MovieFindCollectionViewCell.swift */; };
		D8E25F5C2C2B2DFE0052F40A /* MovieViewController.swift in Sources */ = {isa = PBXBuildFile; fileRef = D8E25F5B2C2B2DFE0052F40A /* MovieViewController.swift */; };
		D8E25F5E2C2B32420052F40A /* MovieTableViewCell.swift in Sources */ = {isa = PBXBuildFile; fileRef = D8E25F5D2C2B32420052F40A /* MovieTableViewCell.swift */; };
		D8E25F602C2B37530052F40A /* MovieCollectionViewCell.swift in Sources */ = {isa = PBXBuildFile; fileRef = D8E25F5F2C2B37530052F40A /* MovieCollectionViewCell.swift */; };
		D8E25F692C2C1C9E0052F40A /* MovieRequest.swift in Sources */ = {isa = PBXBuildFile; fileRef = D8E25F682C2C1C9E0052F40A /* MovieRequest.swift */; };
		D8E25F6B2C2C1CD70052F40A /* MovieAPI.swift in Sources */ = {isa = PBXBuildFile; fileRef = D8E25F6A2C2C1CD70052F40A /* MovieAPI.swift */; };
		D8E25F6F2C3059190052F40A /* test.swift in Sources */ = {isa = PBXBuildFile; fileRef = D8E25F6E2C3059190052F40A /* test.swift */; };
		D8E25F722C305BC80052F40A /* DetailViewController.swift in Sources */ = {isa = PBXBuildFile; fileRef = D8E25F712C305BC80052F40A /* DetailViewController.swift */; };
/* End PBXBuildFile section */

/* Begin PBXFileReference section */
		D88B168A2C17318400E34DC5 /* mediaproject.app */ = {isa = PBXFileReference; explicitFileType = wrapper.application; includeInIndex = 0; path = mediaproject.app; sourceTree = BUILT_PRODUCTS_DIR; };
		D88B168D2C17318400E34DC5 /* AppDelegate.swift */ = {isa = PBXFileReference; lastKnownFileType = sourcecode.swift; path = AppDelegate.swift; sourceTree = "<group>"; };
		D88B168F2C17318400E34DC5 /* SceneDelegate.swift */ = {isa = PBXFileReference; lastKnownFileType = sourcecode.swift; path = SceneDelegate.swift; sourceTree = "<group>"; };
		D88B16912C17318400E34DC5 /* ViewController.swift */ = {isa = PBXFileReference; lastKnownFileType = sourcecode.swift; path = ViewController.swift; sourceTree = "<group>"; };
		D88B16942C17318400E34DC5 /* Base */ = {isa = PBXFileReference; lastKnownFileType = file.storyboard; name = Base; path = Base.lproj/Main.storyboard; sourceTree = "<group>"; };
		D88B16962C17318600E34DC5 /* Assets.xcassets */ = {isa = PBXFileReference; lastKnownFileType = folder.assetcatalog; path = Assets.xcassets; sourceTree = "<group>"; };
		D88B16992C17318600E34DC5 /* Base */ = {isa = PBXFileReference; lastKnownFileType = file.storyboard; name = Base; path = Base.lproj/LaunchScreen.storyboard; sourceTree = "<group>"; };
		D88B169B2C17318600E34DC5 /* Info.plist */ = {isa = PBXFileReference; lastKnownFileType = text.plist.xml; path = Info.plist; sourceTree = "<group>"; };
		D88B16A12C17333B00E34DC5 /* MediaViewController.swift */ = {isa = PBXFileReference; lastKnownFileType = sourcecode.swift; path = MediaViewController.swift; sourceTree = "<group>"; };
		D88B16A32C17334500E34DC5 /* Media.swift */ = {isa = PBXFileReference; lastKnownFileType = sourcecode.swift; path = Media.swift; sourceTree = "<group>"; };
		D88B16A52C17337F00E34DC5 /* .gitignore */ = {isa = PBXFileReference; lastKnownFileType = text; path = .gitignore; sourceTree = "<group>"; };
		D88B16A72C17339200E34DC5 /* APIKey.swift */ = {isa = PBXFileReference; lastKnownFileType = sourcecode.swift; path = APIKey.swift; sourceTree = "<group>"; };
		D88B16A92C1735F200E34DC5 /* MediaInfoTableViewCell.swift */ = {isa = PBXFileReference; lastKnownFileType = sourcecode.swift; path = MediaInfoTableViewCell.swift; sourceTree = "<group>"; };
		D88B16BF2C18372C00E34DC5 /* MovieFindViewController.swift */ = {isa = PBXFileReference; lastKnownFileType = sourcecode.swift; path = MovieFindViewController.swift; sourceTree = "<group>"; };
		D88B16C12C18374900E34DC5 /* Movie.swift */ = {isa = PBXFileReference; lastKnownFileType = sourcecode.swift; path = Movie.swift; sourceTree = "<group>"; };
		D88B16C32C18498C00E34DC5 /* MovieFindCollectionViewCell.swift */ = {isa = PBXFileReference; lastKnownFileType = sourcecode.swift; path = MovieFindCollectionViewCell.swift; sourceTree = "<group>"; };
		D8E25F5B2C2B2DFE0052F40A /* MovieViewController.swift */ = {isa = PBXFileReference; lastKnownFileType = sourcecode.swift; path = MovieViewController.swift; sourceTree = "<group>"; };
		D8E25F5D2C2B32420052F40A /* MovieTableViewCell.swift */ = {isa = PBXFileReference; lastKnownFileType = sourcecode.swift; path = MovieTableViewCell.swift; sourceTree = "<group>"; };
		D8E25F5F2C2B37530052F40A /* MovieCollectionViewCell.swift */ = {isa = PBXFileReference; lastKnownFileType = sourcecode.swift; path = MovieCollectionViewCell.swift; sourceTree = "<group>"; };
		D8E25F682C2C1C9E0052F40A /* MovieRequest.swift */ = {isa = PBXFileReference; lastKnownFileType = sourcecode.swift; path = MovieRequest.swift; sourceTree = "<group>"; };
		D8E25F6A2C2C1CD70052F40A /* MovieAPI.swift */ = {isa = PBXFileReference; lastKnownFileType = sourcecode.swift; path = MovieAPI.swift; sourceTree = "<group>"; };
		D8E25F6E2C3059190052F40A /* test.swift */ = {isa = PBXFileReference; lastKnownFileType = sourcecode.swift; path = test.swift; sourceTree = "<group>"; };
		D8E25F712C305BC80052F40A /* DetailViewController.swift */ = {isa = PBXFileReference; lastKnownFileType = sourcecode.swift; path = DetailViewController.swift; sourceTree = "<group>"; };
/* End PBXFileReference section */

/* Begin PBXFrameworksBuildPhase section */
		D88B16872C17318400E34DC5 /* Frameworks */ = {
			isa = PBXFrameworksBuildPhase;
			buildActionMask = 2147483647;
			files = (
				D88B16B32C1740A800E34DC5 /* SnapKit in Frameworks */,
				D88B16B02C17409C00E34DC5 /* Kingfisher in Frameworks */,
				D88B16AD2C17409100E34DC5 /* Alamofire in Frameworks */,
			);
			runOnlyForDeploymentPostprocessing = 0;
		};
/* End PBXFrameworksBuildPhase section */

/* Begin PBXGroup section */
		D88B16812C17318400E34DC5 = {
			isa = PBXGroup;
			children = (
				D88B16A52C17337F00E34DC5 /* .gitignore */,
				D88B168C2C17318400E34DC5 /* mediaproject */,
				D88B168B2C17318400E34DC5 /* Products */,
			);
			sourceTree = "<group>";
		};
		D88B168B2C17318400E34DC5 /* Products */ = {
			isa = PBXGroup;
			children = (
				D88B168A2C17318400E34DC5 /* mediaproject.app */,
			);
			name = Products;
			sourceTree = "<group>";
		};
		D88B168C2C17318400E34DC5 /* mediaproject */ = {
			isa = PBXGroup;
			children = (
				D8E25F702C305BBB0052F40A /* Detail */,
				D8E25F5A2C2B2DB20052F40A /* Media */,
				D88B16BC2C1836FE00E34DC5 /* MovieFind */,
				D88B168D2C17318400E34DC5 /* AppDelegate.swift */,
				D88B168F2C17318400E34DC5 /* SceneDelegate.swift */,
				D88B16912C17318400E34DC5 /* ViewController.swift */,
				D88B16A12C17333B00E34DC5 /* MediaViewController.swift */,
				D88B16A92C1735F200E34DC5 /* MediaInfoTableViewCell.swift */,
				D88B16932C17318400E34DC5 /* Main.storyboard */,
				D88B16962C17318600E34DC5 /* Assets.xcassets */,
				D88B16982C17318600E34DC5 /* LaunchScreen.storyboard */,
				D88B169B2C17318600E34DC5 /* Info.plist */,
				D88B16A32C17334500E34DC5 /* Media.swift */,
				D88B16A72C17339200E34DC5 /* APIKey.swift */,
				D8E25F6E2C3059190052F40A /* test.swift */,
			);
			path = mediaproject;
			sourceTree = "<group>";
		};
		D88B16BC2C1836FE00E34DC5 /* MovieFind */ = {
			isa = PBXGroup;
			children = (
				D88B16BF2C18372C00E34DC5 /* MovieFindViewController.swift */,
				D88B16C32C18498C00E34DC5 /* MovieFindCollectionViewCell.swift */,
				D88B16C12C18374900E34DC5 /* Movie.swift */,
			);
			path = MovieFind;
			sourceTree = "<group>";
		};
		D8E25F5A2C2B2DB20052F40A /* Media */ = {
			isa = PBXGroup;
			children = (
				D8E25F5B2C2B2DFE0052F40A /* MovieViewController.swift */,
				D8E25F5D2C2B32420052F40A /* MovieTableViewCell.swift */,
				D8E25F5F2C2B37530052F40A /* MovieCollectionViewCell.swift */,
				D8E25F682C2C1C9E0052F40A /* MovieRequest.swift */,
				D8E25F6A2C2C1CD70052F40A /* MovieAPI.swift */,
			);
			path = Media;
			sourceTree = "<group>";
		};
		D8E25F702C305BBB0052F40A /* Detail */ = {
			isa = PBXGroup;
			children = (
				D8E25F712C305BC80052F40A /* DetailViewController.swift */,
			);
			path = Detail;
			sourceTree = "<group>";
		};
/* End PBXGroup section */

/* Begin PBXNativeTarget section */
		D88B16892C17318400E34DC5 /* mediaproject */ = {
			isa = PBXNativeTarget;
			buildConfigurationList = D88B169E2C17318600E34DC5 /* Build configuration list for PBXNativeTarget "mediaproject" */;
			buildPhases = (
				D88B16862C17318400E34DC5 /* Sources */,
				D88B16872C17318400E34DC5 /* Frameworks */,
				D88B16882C17318400E34DC5 /* Resources */,
			);
			buildRules = (
			);
			dependencies = (
			);
			name = mediaproject;
			packageProductDependencies = (
				D88B16AC2C17409100E34DC5 /* Alamofire */,
				D88B16AF2C17409C00E34DC5 /* Kingfisher */,
				D88B16B22C1740A800E34DC5 /* SnapKit */,
			);
			productName = mediaproject;
			productReference = D88B168A2C17318400E34DC5 /* mediaproject.app */;
			productType = "com.apple.product-type.application";
		};
/* End PBXNativeTarget section */

/* Begin PBXProject section */
		D88B16822C17318400E34DC5 /* Project object */ = {
			isa = PBXProject;
			attributes = {
				BuildIndependentTargetsInParallel = 1;
				LastSwiftUpdateCheck = 1540;
				LastUpgradeCheck = 1540;
				TargetAttributes = {
					D88B16892C17318400E34DC5 = {
						CreatedOnToolsVersion = 15.4;
					};
				};
			};
			buildConfigurationList = D88B16852C17318400E34DC5 /* Build configuration list for PBXProject "mediaproject" */;
			compatibilityVersion = "Xcode 14.0";
			developmentRegion = en;
			hasScannedForEncodings = 0;
			knownRegions = (
				en,
				Base,
			);
			mainGroup = D88B16812C17318400E34DC5;
			packageReferences = (
				D88B16AB2C17409100E34DC5 /* XCRemoteSwiftPackageReference "Alamofire" */,
				D88B16AE2C17409C00E34DC5 /* XCRemoteSwiftPackageReference "Kingfisher" */,
				D88B16B12C1740A800E34DC5 /* XCRemoteSwiftPackageReference "SnapKit" */,
			);
			productRefGroup = D88B168B2C17318400E34DC5 /* Products */;
			projectDirPath = "";
			projectRoot = "";
			targets = (
				D88B16892C17318400E34DC5 /* mediaproject */,
			);
		};
/* End PBXProject section */

/* Begin PBXResourcesBuildPhase section */
		D88B16882C17318400E34DC5 /* Resources */ = {
			isa = PBXResourcesBuildPhase;
			buildActionMask = 2147483647;
			files = (
				D88B16A62C17337F00E34DC5 /* .gitignore in Resources */,
				D88B16972C17318600E34DC5 /* Assets.xcassets in Resources */,
				D88B169A2C17318600E34DC5 /* Base in Resources */,
				D88B16952C17318400E34DC5 /* Base in Resources */,
			);
			runOnlyForDeploymentPostprocessing = 0;
		};
/* End PBXResourcesBuildPhase section */

/* Begin PBXSourcesBuildPhase section */
		D88B16862C17318400E34DC5 /* Sources */ = {
			isa = PBXSourcesBuildPhase;
			buildActionMask = 2147483647;
			files = (
				D88B16C02C18372C00E34DC5 /* MovieFindViewController.swift in Sources */,
				D8E25F722C305BC80052F40A /* DetailViewController.swift in Sources */,
				D8E25F602C2B37530052F40A /* MovieCollectionViewCell.swift in Sources */,
				D88B16922C17318400E34DC5 /* ViewController.swift in Sources */,
				D8E25F5E2C2B32420052F40A /* MovieTableViewCell.swift in Sources */,
				D8E25F5C2C2B2DFE0052F40A /* MovieViewController.swift in Sources */,
				D8E25F6F2C3059190052F40A /* test.swift in Sources */,
				D88B16C22C18374900E34DC5 /* Movie.swift in Sources */,
				D88B16AA2C1735F200E34DC5 /* MediaInfoTableViewCell.swift in Sources */,
				D88B16C42C18498C00E34DC5 /* MovieFindCollectionViewCell.swift in Sources */,
				D88B168E2C17318400E34DC5 /* AppDelegate.swift in Sources */,
				D8E25F6B2C2C1CD70052F40A /* MovieAPI.swift in Sources */,
				D88B16902C17318400E34DC5 /* SceneDelegate.swift in Sources */,
				D88B16A22C17333B00E34DC5 /* MediaViewController.swift in Sources */,
				D88B16A82C17339200E34DC5 /* APIKey.swift in Sources */,
				D8E25F692C2C1C9E0052F40A /* MovieRequest.swift in Sources */,
				D88B16A42C17334500E34DC5 /* Media.swift in Sources */,
			);
			runOnlyForDeploymentPostprocessing = 0;
		};
/* End PBXSourcesBuildPhase section */

/* Begin PBXVariantGroup section */
		D88B16932C17318400E34DC5 /* Main.storyboard */ = {
			isa = PBXVariantGroup;
			children = (
				D88B16942C17318400E34DC5 /* Base */,
			);
			name = Main.storyboard;
			sourceTree = "<group>";
		};
		D88B16982C17318600E34DC5 /* LaunchScreen.storyboard */ = {
			isa = PBXVariantGroup;
			children = (
				D88B16992C17318600E34DC5 /* Base */,
			);
			name = LaunchScreen.storyboard;
			sourceTree = "<group>";
		};
/* End PBXVariantGroup section */

/* Begin XCBuildConfiguration section */
		D88B169C2C17318600E34DC5 /* Debug */ = {
			isa = XCBuildConfiguration;
			buildSettings = {
				ALWAYS_SEARCH_USER_PATHS = NO;
				ASSETCATALOG_COMPILER_GENERATE_SWIFT_ASSET_SYMBOL_EXTENSIONS = YES;
				CLANG_ANALYZER_NONNULL = YES;
				CLANG_ANALYZER_NUMBER_OBJECT_CONVERSION = YES_AGGRESSIVE;
				CLANG_CXX_LANGUAGE_STANDARD = "gnu++20";
				CLANG_ENABLE_MODULES = YES;
				CLANG_ENABLE_OBJC_ARC = YES;
				CLANG_ENABLE_OBJC_WEAK = YES;
				CLANG_WARN_BLOCK_CAPTURE_AUTORELEASING = YES;
				CLANG_WARN_BOOL_CONVERSION = YES;
				CLANG_WARN_COMMA = YES;
				CLANG_WARN_CONSTANT_CONVERSION = YES;
				CLANG_WARN_DEPRECATED_OBJC_IMPLEMENTATIONS = YES;
				CLANG_WARN_DIRECT_OBJC_ISA_USAGE = YES_ERROR;
				CLANG_WARN_DOCUMENTATION_COMMENTS = YES;
				CLANG_WARN_EMPTY_BODY = YES;
				CLANG_WARN_ENUM_CONVERSION = YES;
				CLANG_WARN_INFINITE_RECURSION = YES;
				CLANG_WARN_INT_CONVERSION = YES;
				CLANG_WARN_NON_LITERAL_NULL_CONVERSION = YES;
				CLANG_WARN_OBJC_IMPLICIT_RETAIN_SELF = YES;
				CLANG_WARN_OBJC_LITERAL_CONVERSION = YES;
				CLANG_WARN_OBJC_ROOT_CLASS = YES_ERROR;
				CLANG_WARN_QUOTED_INCLUDE_IN_FRAMEWORK_HEADER = YES;
				CLANG_WARN_RANGE_LOOP_ANALYSIS = YES;
				CLANG_WARN_STRICT_PROTOTYPES = YES;
				CLANG_WARN_SUSPICIOUS_MOVE = YES;
				CLANG_WARN_UNGUARDED_AVAILABILITY = YES_AGGRESSIVE;
				CLANG_WARN_UNREACHABLE_CODE = YES;
				CLANG_WARN__DUPLICATE_METHOD_MATCH = YES;
				COPY_PHASE_STRIP = NO;
				DEBUG_INFORMATION_FORMAT = dwarf;
				ENABLE_STRICT_OBJC_MSGSEND = YES;
				ENABLE_TESTABILITY = YES;
				ENABLE_USER_SCRIPT_SANDBOXING = YES;
				GCC_C_LANGUAGE_STANDARD = gnu17;
				GCC_DYNAMIC_NO_PIC = NO;
				GCC_NO_COMMON_BLOCKS = YES;
				GCC_OPTIMIZATION_LEVEL = 0;
				GCC_PREPROCESSOR_DEFINITIONS = (
					"DEBUG=1",
					"$(inherited)",
				);
				GCC_WARN_64_TO_32_BIT_CONVERSION = YES;
				GCC_WARN_ABOUT_RETURN_TYPE = YES_ERROR;
				GCC_WARN_UNDECLARED_SELECTOR = YES;
				GCC_WARN_UNINITIALIZED_AUTOS = YES_AGGRESSIVE;
				GCC_WARN_UNUSED_FUNCTION = YES;
				GCC_WARN_UNUSED_VARIABLE = YES;
				IPHONEOS_DEPLOYMENT_TARGET = 17.5;
				LOCALIZATION_PREFERS_STRING_CATALOGS = YES;
				MTL_ENABLE_DEBUG_INFO = INCLUDE_SOURCE;
				MTL_FAST_MATH = YES;
				ONLY_ACTIVE_ARCH = YES;
				SDKROOT = iphoneos;
				SWIFT_ACTIVE_COMPILATION_CONDITIONS = "DEBUG $(inherited)";
				SWIFT_OPTIMIZATION_LEVEL = "-Onone";
			};
			name = Debug;
		};
		D88B169D2C17318600E34DC5 /* Release */ = {
			isa = XCBuildConfiguration;
			buildSettings = {
				ALWAYS_SEARCH_USER_PATHS = NO;
				ASSETCATALOG_COMPILER_GENERATE_SWIFT_ASSET_SYMBOL_EXTENSIONS = YES;
				CLANG_ANALYZER_NONNULL = YES;
				CLANG_ANALYZER_NUMBER_OBJECT_CONVERSION = YES_AGGRESSIVE;
				CLANG_CXX_LANGUAGE_STANDARD = "gnu++20";
				CLANG_ENABLE_MODULES = YES;
				CLANG_ENABLE_OBJC_ARC = YES;
				CLANG_ENABLE_OBJC_WEAK = YES;
				CLANG_WARN_BLOCK_CAPTURE_AUTORELEASING = YES;
				CLANG_WARN_BOOL_CONVERSION = YES;
				CLANG_WARN_COMMA = YES;
				CLANG_WARN_CONSTANT_CONVERSION = YES;
				CLANG_WARN_DEPRECATED_OBJC_IMPLEMENTATIONS = YES;
				CLANG_WARN_DIRECT_OBJC_ISA_USAGE = YES_ERROR;
				CLANG_WARN_DOCUMENTATION_COMMENTS = YES;
				CLANG_WARN_EMPTY_BODY = YES;
				CLANG_WARN_ENUM_CONVERSION = YES;
				CLANG_WARN_INFINITE_RECURSION = YES;
				CLANG_WARN_INT_CONVERSION = YES;
				CLANG_WARN_NON_LITERAL_NULL_CONVERSION = YES;
				CLANG_WARN_OBJC_IMPLICIT_RETAIN_SELF = YES;
				CLANG_WARN_OBJC_LITERAL_CONVERSION = YES;
				CLANG_WARN_OBJC_ROOT_CLASS = YES_ERROR;
				CLANG_WARN_QUOTED_INCLUDE_IN_FRAMEWORK_HEADER = YES;
				CLANG_WARN_RANGE_LOOP_ANALYSIS = YES;
				CLANG_WARN_STRICT_PROTOTYPES = YES;
				CLANG_WARN_SUSPICIOUS_MOVE = YES;
				CLANG_WARN_UNGUARDED_AVAILABILITY = YES_AGGRESSIVE;
				CLANG_WARN_UNREACHABLE_CODE = YES;
				CLANG_WARN__DUPLICATE_METHOD_MATCH = YES;
				COPY_PHASE_STRIP = NO;
				DEBUG_INFORMATION_FORMAT = "dwarf-with-dsym";
				ENABLE_NS_ASSERTIONS = NO;
				ENABLE_STRICT_OBJC_MSGSEND = YES;
				ENABLE_USER_SCRIPT_SANDBOXING = YES;
				GCC_C_LANGUAGE_STANDARD = gnu17;
				GCC_NO_COMMON_BLOCKS = YES;
				GCC_WARN_64_TO_32_BIT_CONVERSION = YES;
				GCC_WARN_ABOUT_RETURN_TYPE = YES_ERROR;
				GCC_WARN_UNDECLARED_SELECTOR = YES;
				GCC_WARN_UNINITIALIZED_AUTOS = YES_AGGRESSIVE;
				GCC_WARN_UNUSED_FUNCTION = YES;
				GCC_WARN_UNUSED_VARIABLE = YES;
				IPHONEOS_DEPLOYMENT_TARGET = 17.5;
				LOCALIZATION_PREFERS_STRING_CATALOGS = YES;
				MTL_ENABLE_DEBUG_INFO = NO;
				MTL_FAST_MATH = YES;
				SDKROOT = iphoneos;
				SWIFT_COMPILATION_MODE = wholemodule;
				VALIDATE_PRODUCT = YES;
			};
			name = Release;
		};
		D88B169F2C17318600E34DC5 /* Debug */ = {
			isa = XCBuildConfiguration;
			buildSettings = {
				ASSETCATALOG_COMPILER_APPICON_NAME = AppIcon;
				ASSETCATALOG_COMPILER_GLOBAL_ACCENT_COLOR_NAME = AccentColor;
				CODE_SIGN_STYLE = Automatic;
				CURRENT_PROJECT_VERSION = 1;
				GENERATE_INFOPLIST_FILE = YES;
				INFOPLIST_FILE = mediaproject/Info.plist;
				INFOPLIST_KEY_UIApplicationSupportsIndirectInputEvents = YES;
				INFOPLIST_KEY_UILaunchStoryboardName = LaunchScreen;
				INFOPLIST_KEY_UIMainStoryboardFile = Main;
				INFOPLIST_KEY_UISupportedInterfaceOrientations = UIInterfaceOrientationPortrait;
				INFOPLIST_KEY_UISupportedInterfaceOrientations_iPad = "UIInterfaceOrientationLandscapeLeft UIInterfaceOrientationLandscapeRight UIInterfaceOrientationPortrait UIInterfaceOrientationPortraitUpsideDown";
				IPHONEOS_DEPLOYMENT_TARGET = 17.0;
				LD_RUNPATH_SEARCH_PATHS = (
					"$(inherited)",
					"@executable_path/Frameworks",
				);
				MARKETING_VERSION = 1.0;
				PRODUCT_BUNDLE_IDENTIFIER = com.sesac.mediaproject;
				PRODUCT_NAME = "$(TARGET_NAME)";
				SUPPORTED_PLATFORMS = "iphoneos iphonesimulator";
				SUPPORTS_MACCATALYST = NO;
				SUPPORTS_MAC_DESIGNED_FOR_IPHONE_IPAD = NO;
				SUPPORTS_XR_DESIGNED_FOR_IPHONE_IPAD = NO;
				SWIFT_EMIT_LOC_STRINGS = YES;
				SWIFT_VERSION = 5.0;
				TARGETED_DEVICE_FAMILY = 1;
			};
			name = Debug;
		};
		D88B16A02C17318600E34DC5 /* Release */ = {
			isa = XCBuildConfiguration;
			buildSettings = {
				ASSETCATALOG_COMPILER_APPICON_NAME = AppIcon;
				ASSETCATALOG_COMPILER_GLOBAL_ACCENT_COLOR_NAME = AccentColor;
				CODE_SIGN_STYLE = Automatic;
				CURRENT_PROJECT_VERSION = 1;
				GENERATE_INFOPLIST_FILE = YES;
				INFOPLIST_FILE = mediaproject/Info.plist;
				INFOPLIST_KEY_UIApplicationSupportsIndirectInputEvents = YES;
				INFOPLIST_KEY_UILaunchStoryboardName = LaunchScreen;
				INFOPLIST_KEY_UIMainStoryboardFile = Main;
				INFOPLIST_KEY_UISupportedInterfaceOrientations = UIInterfaceOrientationPortrait;
				INFOPLIST_KEY_UISupportedInterfaceOrientations_iPad = "UIInterfaceOrientationLandscapeLeft UIInterfaceOrientationLandscapeRight UIInterfaceOrientationPortrait UIInterfaceOrientationPortraitUpsideDown";
				IPHONEOS_DEPLOYMENT_TARGET = 17.0;
				LD_RUNPATH_SEARCH_PATHS = (
					"$(inherited)",
					"@executable_path/Frameworks",
				);
				MARKETING_VERSION = 1.0;
				PRODUCT_BUNDLE_IDENTIFIER = com.sesac.mediaproject;
				PRODUCT_NAME = "$(TARGET_NAME)";
				SUPPORTED_PLATFORMS = "iphoneos iphonesimulator";
				SUPPORTS_MACCATALYST = NO;
				SUPPORTS_MAC_DESIGNED_FOR_IPHONE_IPAD = NO;
				SUPPORTS_XR_DESIGNED_FOR_IPHONE_IPAD = NO;
				SWIFT_EMIT_LOC_STRINGS = YES;
				SWIFT_VERSION = 5.0;
				TARGETED_DEVICE_FAMILY = 1;
			};
			name = Release;
		};
/* End XCBuildConfiguration section */

/* Begin XCConfigurationList section */
		D88B16852C17318400E34DC5 /* Build configuration list for PBXProject "mediaproject" */ = {
			isa = XCConfigurationList;
			buildConfigurations = (
				D88B169C2C17318600E34DC5 /* Debug */,
				D88B169D2C17318600E34DC5 /* Release */,
			);
			defaultConfigurationIsVisible = 0;
			defaultConfigurationName = Release;
		};
		D88B169E2C17318600E34DC5 /* Build configuration list for PBXNativeTarget "mediaproject" */ = {
			isa = XCConfigurationList;
			buildConfigurations = (
				D88B169F2C17318600E34DC5 /* Debug */,
				D88B16A02C17318600E34DC5 /* Release */,
			);
			defaultConfigurationIsVisible = 0;
			defaultConfigurationName = Release;
		};
/* End XCConfigurationList section */

/* Begin XCRemoteSwiftPackageReference section */
		D88B16AB2C17409100E34DC5 /* XCRemoteSwiftPackageReference "Alamofire" */ = {
			isa = XCRemoteSwiftPackageReference;
			repositoryURL = "https://github.com/Alamofire/Alamofire.git";
			requirement = {
				kind = upToNextMajorVersion;
				minimumVersion = 5.9.1;
			};
		};
		D88B16AE2C17409C00E34DC5 /* XCRemoteSwiftPackageReference "Kingfisher" */ = {
			isa = XCRemoteSwiftPackageReference;
			repositoryURL = "https://github.com/onevcat/Kingfisher.git";
			requirement = {
				kind = upToNextMajorVersion;
				minimumVersion = 7.12.0;
			};
		};
		D88B16B12C1740A800E34DC5 /* XCRemoteSwiftPackageReference "SnapKit" */ = {
			isa = XCRemoteSwiftPackageReference;
			repositoryURL = "https://github.com/SnapKit/SnapKit.git";
			requirement = {
				kind = upToNextMajorVersion;
				minimumVersion = 5.7.1;
			};
		};
/* End XCRemoteSwiftPackageReference section */

/* Begin XCSwiftPackageProductDependency section */
		D88B16AC2C17409100E34DC5 /* Alamofire */ = {
			isa = XCSwiftPackageProductDependency;
			package = D88B16AB2C17409100E34DC5 /* XCRemoteSwiftPackageReference "Alamofire" */;
			productName = Alamofire;
		};
		D88B16AF2C17409C00E34DC5 /* Kingfisher */ = {
			isa = XCSwiftPackageProductDependency;
			package = D88B16AE2C17409C00E34DC5 /* XCRemoteSwiftPackageReference "Kingfisher" */;
			productName = Kingfisher;
		};
		D88B16B22C1740A800E34DC5 /* SnapKit */ = {
			isa = XCSwiftPackageProductDependency;
			package = D88B16B12C1740A800E34DC5 /* XCRemoteSwiftPackageReference "SnapKit" */;
			productName = SnapKit;
		};
/* End XCSwiftPackageProductDependency section */
	};
	rootObject = D88B16822C17318400E34DC5 /* Project object */;
}
